
Microsoft Visual Studio Solution File, Format Version 12.00
# Visual Studio 15
VisualStudioVersion = 15.0.28307.539
MinimumVisualStudioVersion = 15.0.26124.0
Project("{9A19103F-16F7-4668-BE54-9A1E7A4F7556}") = "BowlingClasses.Core", "BowlingClasses.Core\BowlingClasses.Core.csproj", "{DF095B60-E958-42F4-8AF8-5B808EA99253}"
EndProject
Project("{9A19103F-16F7-4668-BE54-9A1E7A4F7556}") = "BowlingClasses.Tests", "BowlingClasses.Tests\BowlingClasses.Tests.csproj", "{86F9F8AF-CD75-44B1-81D1-47672BF5D79B}"
EndProject
Global
	GlobalSection(SolutionConfigurationPlatforms) = preSolution
		Debug|Any CPU = Debug|Any CPU
		Debug|x64 = Debug|x64
		Debug|x86 = Debug|x86
		Release|Any CPU = Release|Any CPU
		Release|x64 = Release|x64
		Release|x86 = Release|x86
	EndGlobalSection
	GlobalSection(ProjectConfigurationPlatforms) = postSolution
		{DF095B60-E958-42F4-8AF8-5B808EA99253}.Debug|Any CPU.ActiveCfg = Debug|Any CPU
		{DF095B60-E958-42F4-8AF8-5B808EA99253}.Debug|Any CPU.Build.0 = Debug|Any CPU
		{DF095B60-E958-42F4-8AF8-5B808EA99253}.Debug|x64.ActiveCfg = Debug|Any CPU
		{DF095B60-E958-42F4-8AF8-5B808EA99253}.Debug|x64.Build.0 = Debug|Any CPU
		{DF095B60-E958-42F4-8AF8-5B808EA99253}.Debug|x86.ActiveCfg = Debug|Any CPU
		{DF095B60-E958-42F4-8AF8-5B808EA99253}.Debug|x86.Build.0 = Debug|Any CPU
		{DF095B60-E958-42F4-8AF8-5B808EA99253}.Release|Any CPU.ActiveCfg = Release|Any CPU
		{DF095B60-E958-42F4-8AF8-5B808EA99253}.Release|Any CPU.Build.0 = Release|Any CPU
		{DF095B60-E958-42F4-8AF8-5B808EA99253}.Release|x64.ActiveCfg = Release|Any CPU
		{DF095B60-E958-42F4-8AF8-5B808EA99253}.Release|x64.Build.0 = Release|Any CPU
		{DF095B60-E958-42F4-8AF8-5B808EA99253}.Release|x86.ActiveCfg = Release|Any CPU
		{DF095B60-E958-42F4-8AF8-5B808EA99253}.Release|x86.Build.0 = Release|Any CPU
		{86F9F8AF-CD75-44B1-81D1-47672BF5D79B}.Debug|Any CPU.ActiveCfg = Debug|Any CPU
		{86F9F8AF-CD75-44B1-81D1-47672BF5D79B}.Debug|Any CPU.Build.0 = Debug|Any CPU
		{86F9F8AF-CD75-44B1-81D1-47672BF5D79B}.Debug|x64.ActiveCfg = Debug|Any CPU
		{86F9F8AF-CD75-44B1-81D1-47672BF5D79B}.Debug|x64.Build.0 = Debug|Any CPU
		{86F9F8AF-CD75-44B1-81D1-47672BF5D79B}.Debug|x86.ActiveCfg = Debug|Any CPU
		{86F9F8AF-CD75-44B1-81D1-47672BF5D79B}.Debug|x86.Build.0 = Debug|Any CPU
		{86F9F8AF-CD75-44B1-81D1-47672BF5D79B}.Release|Any CPU.ActiveCfg = Release|Any CPU
		{86F9F8AF-CD75-44B1-81D1-47672BF5D79B}.Release|Any CPU.Build.0 = Release|Any CPU
		{86F9F8AF-CD75-44B1-81D1-47672BF5D79B}.Release|x64.ActiveCfg = Release|Any CPU
		{86F9F8AF-CD75-44B1-81D1-47672BF5D79B}.Release|x64.Build.0 = Release|Any CPU
		{86F9F8AF-CD75-44B1-81D1-47672BF5D79B}.Release|x86.ActiveCfg = Release|Any CPU
		{86F9F8AF-CD75-44B1-81D1-47672BF5D79B}.Release|x86.Build.0 = Release|Any CPU
	EndGlobalSection
	GlobalSection(SolutionProperties) = preSolution
		HideSolutionNode = FALSE
	EndGlobalSection
	GlobalSection(ExtensibilityGlobals) = postSolution
		SolutionGuid = {FBC6164E-C3D0-4886-A0C8-4107497D840D}
	EndGlobalSection
EndGlobal
